
Microsoft Visual Studio Solution File, Format Version 12.00
# Visual Studio Version 17
VisualStudioVersion = 17.7.34221.43
MinimumVisualStudioVersion = 10.0.40219.1
Project("{9A19103F-16F7-4668-BE54-9A1E7A4F7556}") = "NoteAppUI", "NoteAppUI.csproj", "{A731869F-ACED-4D59-B637-8B25F7C2F343}"
EndProject
Project("{9A19103F-16F7-4668-BE54-9A1E7A4F7556}") = "NoteApp.UnitTests", "..\NoteApp.UnitTests\NoteApp.UnitTests.csproj", "{DEC21E39-0532-4EC9-8B88-1D68580F256C}"
	ProjectSection(ProjectDependencies) = postProject
		{A731869F-ACED-4D59-B637-8B25F7C2F343} = {A731869F-ACED-4D59-B637-8B25F7C2F343}
	EndProjectSection
EndProject
Global
	GlobalSection(SolutionConfigurationPlatforms) = preSolution
		Debug|Any CPU = Debug|Any CPU
		Release|Any CPU = Release|Any CPU
	EndGlobalSection
	GlobalSection(ProjectConfigurationPlatforms) = postSolution
		{A731869F-ACED-4D59-B637-8B25F7C2F343}.Debug|Any CPU.ActiveCfg = Debug|Any CPU
		{A731869F-ACED-4D59-B637-8B25F7C2F343}.Debug|Any CPU.Build.0 = Debug|Any CPU
		{A731869F-ACED-4D59-B637-8B25F7C2F343}.Release|Any CPU.ActiveCfg = Release|Any CPU
		{A731869F-ACED-4D59-B637-8B25F7C2F343}.Release|Any CPU.Build.0 = Release|Any CPU
		{DEC21E39-0532-4EC9-8B88-1D68580F256C}.Debug|Any CPU.ActiveCfg = Debug|Any CPU
		{DEC21E39-0532-4EC9-8B88-1D68580F256C}.Debug|Any CPU.Build.0 = Debug|Any CPU
		{DEC21E39-0532-4EC9-8B88-1D68580F256C}.Release|Any CPU.ActiveCfg = Release|Any CPU
		{DEC21E39-0532-4EC9-8B88-1D68580F256C}.Release|Any CPU.Build.0 = Release|Any CPU
	EndGlobalSection
	GlobalSection(SolutionProperties) = preSolution
		HideSolutionNode = FALSE
	EndGlobalSection
	GlobalSection(ExtensibilityGlobals) = postSolution
		SolutionGuid = {42D44CB2-F7B8-4C4A-972B-6EEC6D774CF6}
	EndGlobalSection
EndGlobal
